
Microsoft Visual Studio Solution File, Format Version 12.00
# Visual Studio 15
VisualStudioVersion = 15.0.27004.2005
MinimumVisualStudioVersion = 15.0
Project("{2150E333-8FDC-42A3-9474-1A3956D46DE8}") = "Build", "Build", "{74606D3E-1C8F-401F-95E1-F4F78C5CBD18}"
	ProjectSection(SolutionItems) = preProject
		..\..\Build.bat = ..\..\Build.bat
		CommonAssemblyInfo.cs = CommonAssemblyInfo.cs
		..\..\build\dotnet-install.ps1 = ..\..\build\dotnet-install.ps1
		PackageVersion.proj = PackageVersion.proj
		..\..\build\psake.ps1 = ..\..\build\psake.ps1
		..\..\build\psake.psm1 = ..\..\build\psake.psm1
		..\..\build\runbuild.ps1 = ..\..\build\runbuild.ps1
	EndProjectSection
EndProject
Project("{9A19103F-16F7-4668-BE54-9A1E7A4F7556}") = "BoboBrowse.Net", "BoboBrowse.Net\BoboBrowse.Net.csproj", "{12826ECA-2CB5-43B2-938D-86036DA56FBE}"
EndProject
Project("{9A19103F-16F7-4668-BE54-9A1E7A4F7556}") = "BoboBrowse.Net.Spring", "BoboBrowse.Net.Spring\BoboBrowse.Net.Spring.csproj", "{099CA1FF-9C8D-44E1-940B-EF9C787C23F9}"
EndProject
Project("{9A19103F-16F7-4668-BE54-9A1E7A4F7556}") = "BoboBrowse.Net.Tests", "BoboBrowse.Net.Tests\BoboBrowse.Net.Tests.csproj", "{89527213-43EE-482E-8BEE-E3B4E5192E3F}"
EndProject
Global
	GlobalSection(SolutionConfigurationPlatforms) = preSolution
		Debug_NetCoreApp1_0|Any CPU = Debug_NetCoreApp1_0|Any CPU
		Debug|Any CPU = Debug|Any CPU
		Release|Any CPU = Release|Any CPU
	EndGlobalSection
	GlobalSection(ProjectConfigurationPlatforms) = postSolution
		{12826ECA-2CB5-43B2-938D-86036DA56FBE}.Debug_NetCoreApp1_0|Any CPU.ActiveCfg = Debug|Any CPU
		{12826ECA-2CB5-43B2-938D-86036DA56FBE}.Debug_NetCoreApp1_0|Any CPU.Build.0 = Debug|Any CPU
		{12826ECA-2CB5-43B2-938D-86036DA56FBE}.Debug|Any CPU.ActiveCfg = Debug|Any CPU
		{12826ECA-2CB5-43B2-938D-86036DA56FBE}.Debug|Any CPU.Build.0 = Debug|Any CPU
		{12826ECA-2CB5-43B2-938D-86036DA56FBE}.Release|Any CPU.ActiveCfg = Release|Any CPU
		{12826ECA-2CB5-43B2-938D-86036DA56FBE}.Release|Any CPU.Build.0 = Release|Any CPU
		{099CA1FF-9C8D-44E1-940B-EF9C787C23F9}.Debug_NetCoreApp1_0|Any CPU.ActiveCfg = Debug|Any CPU
		{099CA1FF-9C8D-44E1-940B-EF9C787C23F9}.Debug_NetCoreApp1_0|Any CPU.Build.0 = Debug|Any CPU
		{099CA1FF-9C8D-44E1-940B-EF9C787C23F9}.Debug|Any CPU.ActiveCfg = Debug|Any CPU
		{099CA1FF-9C8D-44E1-940B-EF9C787C23F9}.Debug|Any CPU.Build.0 = Debug|Any CPU
		{099CA1FF-9C8D-44E1-940B-EF9C787C23F9}.Release|Any CPU.ActiveCfg = Release|Any CPU
		{099CA1FF-9C8D-44E1-940B-EF9C787C23F9}.Release|Any CPU.Build.0 = Release|Any CPU
		{89527213-43EE-482E-8BEE-E3B4E5192E3F}.Debug_NetCoreApp1_0|Any CPU.ActiveCfg = Debug|Any CPU
		{89527213-43EE-482E-8BEE-E3B4E5192E3F}.Debug_NetCoreApp1_0|Any CPU.Build.0 = Debug|Any CPU
		{89527213-43EE-482E-8BEE-E3B4E5192E3F}.Debug|Any CPU.ActiveCfg = Debug|Any CPU
		{89527213-43EE-482E-8BEE-E3B4E5192E3F}.Debug|Any CPU.Build.0 = Debug|Any CPU
		{89527213-43EE-482E-8BEE-E3B4E5192E3F}.Release|Any CPU.ActiveCfg = Release|Any CPU
		{89527213-43EE-482E-8BEE-E3B4E5192E3F}.Release|Any CPU.Build.0 = Release|Any CPU
	EndGlobalSection
	GlobalSection(SolutionProperties) = preSolution
		HideSolutionNode = FALSE
	EndGlobalSection
	GlobalSection(ExtensibilityGlobals) = postSolution
		SolutionGuid = {9D3A69BB-1721-44DA-BFC2-3BDE551292E6}
	EndGlobalSection
EndGlobal
