
Microsoft Visual Studio Solution File, Format Version 12.00
# Visual Studio 2012
Project("{FAE04EC0-301F-11D3-BF4B-00C04F79EFBC}") = "BoboBrowse.Net", "BoboBrowse.Net\BoboBrowse.Net.csproj", "{8EEFF620-0996-4B6A-B23C-7D73BECCF73C}"
EndProject
Project("{FAE04EC0-301F-11D3-BF4B-00C04F79EFBC}") = "LuceneExt.Net", "LuceneExt.Net\LuceneExt.Net.csproj", "{58BD9712-0338-4DD7-9F03-1808A9287421}"
EndProject
Project("{FAE04EC0-301F-11D3-BF4B-00C04F79EFBC}") = "BoboBrowse.Tests", "BoboBrowse.Tests\BoboBrowse.Tests.csproj", "{F016F5E0-E8C3-4ECE-B677-AAA8DDF9A1D8}"
EndProject
Project("{2150E333-8FDC-42A3-9474-1A3956D46DE8}") = "Build", "Build", "{74606D3E-1C8F-401F-95E1-F4F78C5CBD18}"
	ProjectSection(SolutionItems) = preProject
		..\Build.bat = ..\Build.bat
		..\build\psake.ps1 = ..\build\psake.ps1
		..\build\psake.psm1 = ..\build\psake.psm1
		..\build\runbuild.ps1 = ..\build\runbuild.ps1
	EndProjectSection
EndProject
Project("{2150E333-8FDC-42A3-9474-1A3956D46DE8}") = "Templates", "Templates", "{DE47437D-6FE7-49BC-94F2-FA5E6B431711}"
EndProject
Project("{2150E333-8FDC-42A3-9474-1A3956D46DE8}") = "BoboBrowse.Net", "BoboBrowse.Net", "{12CE3745-8162-4885-B294-F9810B213C23}"
	ProjectSection(SolutionItems) = preProject
		..\build\templates\BoboBrowse.Net\BoboBrowse.Net.nuspec = ..\build\templates\BoboBrowse.Net\BoboBrowse.Net.nuspec
	EndProjectSection
EndProject
Project("{FAE04EC0-301F-11D3-BF4B-00C04F79EFBC}") = "BoboBrowse.Net.Console", "BoboBrowse.Net.Console\BoboBrowse.Net.Console.csproj", "{D9E0A4B8-B902-4E92-9C6F-01109AB6FF8B}"
EndProject
Global
	GlobalSection(SolutionConfigurationPlatforms) = preSolution
		Debug|Any CPU = Debug|Any CPU
		NET35-Debug|Any CPU = NET35-Debug|Any CPU
		NET35-Release|Any CPU = NET35-Release|Any CPU
		NET40-Debug|Any CPU = NET40-Debug|Any CPU
		NET40-Release|Any CPU = NET40-Release|Any CPU
		NET45-Debug|Any CPU = NET45-Debug|Any CPU
		NET45-Release|Any CPU = NET45-Release|Any CPU
		Release|Any CPU = Release|Any CPU
	EndGlobalSection
	GlobalSection(ProjectConfigurationPlatforms) = postSolution
		{8EEFF620-0996-4B6A-B23C-7D73BECCF73C}.Debug|Any CPU.ActiveCfg = NET45-Debug|Any CPU
		{8EEFF620-0996-4B6A-B23C-7D73BECCF73C}.Debug|Any CPU.Build.0 = NET45-Debug|Any CPU
		{8EEFF620-0996-4B6A-B23C-7D73BECCF73C}.NET35-Debug|Any CPU.ActiveCfg = NET35-Debug|Any CPU
		{8EEFF620-0996-4B6A-B23C-7D73BECCF73C}.NET35-Debug|Any CPU.Build.0 = NET35-Debug|Any CPU
		{8EEFF620-0996-4B6A-B23C-7D73BECCF73C}.NET35-Release|Any CPU.ActiveCfg = NET35-Release|Any CPU
		{8EEFF620-0996-4B6A-B23C-7D73BECCF73C}.NET35-Release|Any CPU.Build.0 = NET35-Release|Any CPU
		{8EEFF620-0996-4B6A-B23C-7D73BECCF73C}.NET40-Debug|Any CPU.ActiveCfg = NET40-Debug|Any CPU
		{8EEFF620-0996-4B6A-B23C-7D73BECCF73C}.NET40-Debug|Any CPU.Build.0 = NET40-Debug|Any CPU
		{8EEFF620-0996-4B6A-B23C-7D73BECCF73C}.NET40-Release|Any CPU.ActiveCfg = NET40-Release|Any CPU
		{8EEFF620-0996-4B6A-B23C-7D73BECCF73C}.NET40-Release|Any CPU.Build.0 = NET40-Release|Any CPU
		{8EEFF620-0996-4B6A-B23C-7D73BECCF73C}.NET45-Debug|Any CPU.ActiveCfg = NET45-Debug|Any CPU
		{8EEFF620-0996-4B6A-B23C-7D73BECCF73C}.NET45-Debug|Any CPU.Build.0 = NET45-Debug|Any CPU
		{8EEFF620-0996-4B6A-B23C-7D73BECCF73C}.NET45-Release|Any CPU.ActiveCfg = NET45-Release|Any CPU
		{8EEFF620-0996-4B6A-B23C-7D73BECCF73C}.NET45-Release|Any CPU.Build.0 = NET45-Release|Any CPU
		{8EEFF620-0996-4B6A-B23C-7D73BECCF73C}.Release|Any CPU.ActiveCfg = NET45-Release|Any CPU
		{8EEFF620-0996-4B6A-B23C-7D73BECCF73C}.Release|Any CPU.Build.0 = NET45-Release|Any CPU
		{58BD9712-0338-4DD7-9F03-1808A9287421}.Debug|Any CPU.ActiveCfg = NET45-Debug|Any CPU
		{58BD9712-0338-4DD7-9F03-1808A9287421}.Debug|Any CPU.Build.0 = NET45-Debug|Any CPU
		{58BD9712-0338-4DD7-9F03-1808A9287421}.NET35-Debug|Any CPU.ActiveCfg = NET35-Debug|Any CPU
		{58BD9712-0338-4DD7-9F03-1808A9287421}.NET35-Debug|Any CPU.Build.0 = NET35-Debug|Any CPU
		{58BD9712-0338-4DD7-9F03-1808A9287421}.NET35-Release|Any CPU.ActiveCfg = NET35-Release|Any CPU
		{58BD9712-0338-4DD7-9F03-1808A9287421}.NET35-Release|Any CPU.Build.0 = NET35-Release|Any CPU
		{58BD9712-0338-4DD7-9F03-1808A9287421}.NET40-Debug|Any CPU.ActiveCfg = NET40-Debug|Any CPU
		{58BD9712-0338-4DD7-9F03-1808A9287421}.NET40-Debug|Any CPU.Build.0 = NET40-Debug|Any CPU
		{58BD9712-0338-4DD7-9F03-1808A9287421}.NET40-Release|Any CPU.ActiveCfg = NET40-Release|Any CPU
		{58BD9712-0338-4DD7-9F03-1808A9287421}.NET40-Release|Any CPU.Build.0 = NET40-Release|Any CPU
		{58BD9712-0338-4DD7-9F03-1808A9287421}.NET45-Debug|Any CPU.ActiveCfg = NET45-Debug|Any CPU
		{58BD9712-0338-4DD7-9F03-1808A9287421}.NET45-Debug|Any CPU.Build.0 = NET45-Debug|Any CPU
		{58BD9712-0338-4DD7-9F03-1808A9287421}.NET45-Release|Any CPU.ActiveCfg = NET45-Release|Any CPU
		{58BD9712-0338-4DD7-9F03-1808A9287421}.NET45-Release|Any CPU.Build.0 = NET45-Release|Any CPU
		{58BD9712-0338-4DD7-9F03-1808A9287421}.Release|Any CPU.ActiveCfg = NET45-Release|Any CPU
		{58BD9712-0338-4DD7-9F03-1808A9287421}.Release|Any CPU.Build.0 = NET45-Release|Any CPU
		{F016F5E0-E8C3-4ECE-B677-AAA8DDF9A1D8}.Debug|Any CPU.ActiveCfg = NET45-Debug|Any CPU
		{F016F5E0-E8C3-4ECE-B677-AAA8DDF9A1D8}.Debug|Any CPU.Build.0 = NET45-Debug|Any CPU
		{F016F5E0-E8C3-4ECE-B677-AAA8DDF9A1D8}.NET35-Debug|Any CPU.ActiveCfg = NET35-Debug|Any CPU
		{F016F5E0-E8C3-4ECE-B677-AAA8DDF9A1D8}.NET35-Debug|Any CPU.Build.0 = NET35-Debug|Any CPU
		{F016F5E0-E8C3-4ECE-B677-AAA8DDF9A1D8}.NET35-Release|Any CPU.ActiveCfg = NET35-Release|Any CPU
		{F016F5E0-E8C3-4ECE-B677-AAA8DDF9A1D8}.NET35-Release|Any CPU.Build.0 = NET35-Release|Any CPU
		{F016F5E0-E8C3-4ECE-B677-AAA8DDF9A1D8}.NET40-Debug|Any CPU.ActiveCfg = NET40-Debug|Any CPU
		{F016F5E0-E8C3-4ECE-B677-AAA8DDF9A1D8}.NET40-Debug|Any CPU.Build.0 = NET40-Debug|Any CPU
		{F016F5E0-E8C3-4ECE-B677-AAA8DDF9A1D8}.NET40-Release|Any CPU.ActiveCfg = NET40-Release|Any CPU
		{F016F5E0-E8C3-4ECE-B677-AAA8DDF9A1D8}.NET40-Release|Any CPU.Build.0 = NET40-Release|Any CPU
		{F016F5E0-E8C3-4ECE-B677-AAA8DDF9A1D8}.NET45-Debug|Any CPU.ActiveCfg = NET45-Debug|Any CPU
		{F016F5E0-E8C3-4ECE-B677-AAA8DDF9A1D8}.NET45-Debug|Any CPU.Build.0 = NET45-Debug|Any CPU
		{F016F5E0-E8C3-4ECE-B677-AAA8DDF9A1D8}.NET45-Release|Any CPU.ActiveCfg = NET45-Release|Any CPU
		{F016F5E0-E8C3-4ECE-B677-AAA8DDF9A1D8}.NET45-Release|Any CPU.Build.0 = NET45-Release|Any CPU
		{F016F5E0-E8C3-4ECE-B677-AAA8DDF9A1D8}.Release|Any CPU.ActiveCfg = NET45-Release|Any CPU
		{F016F5E0-E8C3-4ECE-B677-AAA8DDF9A1D8}.Release|Any CPU.Build.0 = NET45-Release|Any CPU
		{D9E0A4B8-B902-4E92-9C6F-01109AB6FF8B}.Debug|Any CPU.ActiveCfg = Debug|Any CPU
		{D9E0A4B8-B902-4E92-9C6F-01109AB6FF8B}.Debug|Any CPU.Build.0 = Debug|Any CPU
		{D9E0A4B8-B902-4E92-9C6F-01109AB6FF8B}.NET35-Debug|Any CPU.ActiveCfg = Debug|Any CPU
		{D9E0A4B8-B902-4E92-9C6F-01109AB6FF8B}.NET35-Debug|Any CPU.Build.0 = Debug|Any CPU
		{D9E0A4B8-B902-4E92-9C6F-01109AB6FF8B}.NET35-Release|Any CPU.ActiveCfg = Release|Any CPU
		{D9E0A4B8-B902-4E92-9C6F-01109AB6FF8B}.NET35-Release|Any CPU.Build.0 = Release|Any CPU
		{D9E0A4B8-B902-4E92-9C6F-01109AB6FF8B}.NET40-Debug|Any CPU.ActiveCfg = Debug|Any CPU
		{D9E0A4B8-B902-4E92-9C6F-01109AB6FF8B}.NET40-Debug|Any CPU.Build.0 = Debug|Any CPU
		{D9E0A4B8-B902-4E92-9C6F-01109AB6FF8B}.NET40-Release|Any CPU.ActiveCfg = Release|Any CPU
		{D9E0A4B8-B902-4E92-9C6F-01109AB6FF8B}.NET40-Release|Any CPU.Build.0 = Release|Any CPU
		{D9E0A4B8-B902-4E92-9C6F-01109AB6FF8B}.NET45-Debug|Any CPU.ActiveCfg = Debug|Any CPU
		{D9E0A4B8-B902-4E92-9C6F-01109AB6FF8B}.NET45-Debug|Any CPU.Build.0 = Debug|Any CPU
		{D9E0A4B8-B902-4E92-9C6F-01109AB6FF8B}.NET45-Release|Any CPU.ActiveCfg = Release|Any CPU
		{D9E0A4B8-B902-4E92-9C6F-01109AB6FF8B}.NET45-Release|Any CPU.Build.0 = Release|Any CPU
		{D9E0A4B8-B902-4E92-9C6F-01109AB6FF8B}.Release|Any CPU.ActiveCfg = Release|Any CPU
		{D9E0A4B8-B902-4E92-9C6F-01109AB6FF8B}.Release|Any CPU.Build.0 = Release|Any CPU
	EndGlobalSection
	GlobalSection(SolutionProperties) = preSolution
		HideSolutionNode = FALSE
	EndGlobalSection
	GlobalSection(NestedProjects) = preSolution
		{DE47437D-6FE7-49BC-94F2-FA5E6B431711} = {74606D3E-1C8F-401F-95E1-F4F78C5CBD18}
		{12CE3745-8162-4885-B294-F9810B213C23} = {DE47437D-6FE7-49BC-94F2-FA5E6B431711}
	EndGlobalSection
EndGlobal
