
Microsoft Visual Studio Solution File, Format Version 12.00
# Visual Studio 2012
Project("{FAE04EC0-301F-11D3-BF4B-00C04F79EFBC}") = "BoboBrowse.Net", "BoboBrowse.Net\BoboBrowse.Net.csproj", "{8EEFF620-0996-4B6A-B23C-7D73BECCF73C}"
EndProject
Project("{FAE04EC0-301F-11D3-BF4B-00C04F79EFBC}") = "LuceneExt.Net", "LuceneExt.Net\LuceneExt.Net.csproj", "{58BD9712-0338-4DD7-9F03-1808A9287421}"
EndProject
Project("{FAE04EC0-301F-11D3-BF4B-00C04F79EFBC}") = "BoboBrowse.Tests", "BoboBrowse.Tests\BoboBrowse.Tests.csproj", "{F016F5E0-E8C3-4ECE-B677-AAA8DDF9A1D8}"
EndProject
Project("{2150E333-8FDC-42A3-9474-1A3956D46DE8}") = ".nuget", ".nuget", "{D9434D9D-A9B9-4060-BC66-6FFD4C436E5F}"
	ProjectSection(SolutionItems) = preProject
		.nuget\NuGet.Config = .nuget\NuGet.Config
		.nuget\NuGet.exe = .nuget\NuGet.exe
		.nuget\NuGet.targets = .nuget\NuGet.targets
	EndProjectSection
EndProject
Global
	GlobalSection(SolutionConfigurationPlatforms) = preSolution
		Debug|Any CPU = Debug|Any CPU
		Debug35|Any CPU = Debug35|Any CPU
		Release|Any CPU = Release|Any CPU
		Release35|Any CPU = Release35|Any CPU
	EndGlobalSection
	GlobalSection(ProjectConfigurationPlatforms) = postSolution
		{8EEFF620-0996-4B6A-B23C-7D73BECCF73C}.Debug|Any CPU.ActiveCfg = Debug|Any CPU
		{8EEFF620-0996-4B6A-B23C-7D73BECCF73C}.Debug|Any CPU.Build.0 = Debug|Any CPU
		{8EEFF620-0996-4B6A-B23C-7D73BECCF73C}.Debug35|Any CPU.ActiveCfg = Debug|Any CPU
		{8EEFF620-0996-4B6A-B23C-7D73BECCF73C}.Debug35|Any CPU.Build.0 = Debug|Any CPU
		{8EEFF620-0996-4B6A-B23C-7D73BECCF73C}.Release|Any CPU.ActiveCfg = Release|Any CPU
		{8EEFF620-0996-4B6A-B23C-7D73BECCF73C}.Release|Any CPU.Build.0 = Release|Any CPU
		{8EEFF620-0996-4B6A-B23C-7D73BECCF73C}.Release35|Any CPU.ActiveCfg = Release|Any CPU
		{8EEFF620-0996-4B6A-B23C-7D73BECCF73C}.Release35|Any CPU.Build.0 = Release|Any CPU
		{58BD9712-0338-4DD7-9F03-1808A9287421}.Debug|Any CPU.ActiveCfg = Debug|Any CPU
		{58BD9712-0338-4DD7-9F03-1808A9287421}.Debug|Any CPU.Build.0 = Debug|Any CPU
		{58BD9712-0338-4DD7-9F03-1808A9287421}.Debug35|Any CPU.ActiveCfg = Debug|Any CPU
		{58BD9712-0338-4DD7-9F03-1808A9287421}.Debug35|Any CPU.Build.0 = Debug|Any CPU
		{58BD9712-0338-4DD7-9F03-1808A9287421}.Release|Any CPU.ActiveCfg = Release|Any CPU
		{58BD9712-0338-4DD7-9F03-1808A9287421}.Release|Any CPU.Build.0 = Release|Any CPU
		{58BD9712-0338-4DD7-9F03-1808A9287421}.Release35|Any CPU.ActiveCfg = Release|Any CPU
		{58BD9712-0338-4DD7-9F03-1808A9287421}.Release35|Any CPU.Build.0 = Release|Any CPU
		{F016F5E0-E8C3-4ECE-B677-AAA8DDF9A1D8}.Debug|Any CPU.ActiveCfg = Debug|Any CPU
		{F016F5E0-E8C3-4ECE-B677-AAA8DDF9A1D8}.Debug|Any CPU.Build.0 = Debug|Any CPU
		{F016F5E0-E8C3-4ECE-B677-AAA8DDF9A1D8}.Debug35|Any CPU.ActiveCfg = Debug|Any CPU
		{F016F5E0-E8C3-4ECE-B677-AAA8DDF9A1D8}.Debug35|Any CPU.Build.0 = Debug|Any CPU
		{F016F5E0-E8C3-4ECE-B677-AAA8DDF9A1D8}.Release|Any CPU.ActiveCfg = Release|Any CPU
		{F016F5E0-E8C3-4ECE-B677-AAA8DDF9A1D8}.Release|Any CPU.Build.0 = Release|Any CPU
		{F016F5E0-E8C3-4ECE-B677-AAA8DDF9A1D8}.Release35|Any CPU.ActiveCfg = Release|Any CPU
		{F016F5E0-E8C3-4ECE-B677-AAA8DDF9A1D8}.Release35|Any CPU.Build.0 = Release|Any CPU
	EndGlobalSection
	GlobalSection(SolutionProperties) = preSolution
		HideSolutionNode = FALSE
	EndGlobalSection
EndGlobal
